// !$*UTF8*$!
{
	archiveVersion = 1;
	classes = {
	};
	objectVersion = 50;
	objects = {

/* Begin PBXBuildFile section */
		D23DE55B217947F000F6649D /* AppDelegate.swift in Sources */ = {isa = PBXBuildFile; fileRef = D23DE55A217947F000F6649D /* AppDelegate.swift */; };
		D23DE55D217947F000F6649D /* ViewController.swift in Sources */ = {isa = PBXBuildFile; fileRef = D23DE55C217947F000F6649D /* ViewController.swift */; };
		D23DE560217947F000F6649D /* Main.storyboard in Resources */ = {isa = PBXBuildFile; fileRef = D23DE55E217947F000F6649D /* Main.storyboard */; };
		D23DE562217947F100F6649D /* Assets.xcassets in Resources */ = {isa = PBXBuildFile; fileRef = D23DE561217947F100F6649D /* Assets.xcassets */; };
		D23DE565217947F100F6649D /* LaunchScreen.storyboard in Resources */ = {isa = PBXBuildFile; fileRef = D23DE563217947F100F6649D /* LaunchScreen.storyboard */; };
		D2BFBB8C217A2CA60074A255 /* GroupViewController.swift in Sources */ = {isa = PBXBuildFile; fileRef = D2BFBB8B217A2CA60074A255 /* GroupViewController.swift */; };
		D2BFBB8E217A2CF10074A255 /* AlarmViewController.swift in Sources */ = {isa = PBXBuildFile; fileRef = D2BFBB8D217A2CF10074A255 /* AlarmViewController.swift */; };
		D2BFBB90217A4B0B0074A255 /* Group.swift in Sources */ = {isa = PBXBuildFile; fileRef = D2BFBB8F217A4B0B0074A255 /* Group.swift */; };
		D2BFBB92217A4B1F0074A255 /* Alarm.swift in Sources */ = {isa = PBXBuildFile; fileRef = D2BFBB91217A4B1F0074A255 /* Alarm.swift */; };
		D2CC0ABA217F64170083C29A /* Helper.swift in Sources */ = {isa = PBXBuildFile; fileRef = D2CC0AB9217F64170083C29A /* Helper.swift */; };
/* End PBXBuildFile section */

/* Begin PBXFileReference section */
		D23DE557217947F000F6649D /* Alarminator.app */ = {isa = PBXFileReference; explicitFileType = wrapper.application; includeInIndex = 0; path = Alarminator.app; sourceTree = BUILT_PRODUCTS_DIR; };
		D23DE55A217947F000F6649D /* AppDelegate.swift */ = {isa = PBXFileReference; lastKnownFileType = sourcecode.swift; path = AppDelegate.swift; sourceTree = "<group>"; };
		D23DE55C217947F000F6649D /* ViewController.swift */ = {isa = PBXFileReference; lastKnownFileType = sourcecode.swift; path = ViewController.swift; sourceTree = "<group>"; };
		D23DE55F217947F000F6649D /* Base */ = {isa = PBXFileReference; lastKnownFileType = file.storyboard; name = Base; path = Base.lproj/Main.storyboard; sourceTree = "<group>"; };
		D23DE561217947F100F6649D /* Assets.xcassets */ = {isa = PBXFileReference; lastKnownFileType = folder.assetcatalog; path = Assets.xcassets; sourceTree = "<group>"; };
		D23DE564217947F100F6649D /* Base */ = {isa = PBXFileReference; lastKnownFileType = file.storyboard; name = Base; path = Base.lproj/LaunchScreen.storyboard; sourceTree = "<group>"; };
		D23DE566217947F100F6649D /* Info.plist */ = {isa = PBXFileReference; lastKnownFileType = text.plist.xml; path = Info.plist; sourceTree = "<group>"; };
		D2BFBB8B217A2CA60074A255 /* GroupViewController.swift */ = {isa = PBXFileReference; lastKnownFileType = sourcecode.swift; path = GroupViewController.swift; sourceTree = "<group>"; };
		D2BFBB8D217A2CF10074A255 /* AlarmViewController.swift */ = {isa = PBXFileReference; lastKnownFileType = sourcecode.swift; path = AlarmViewController.swift; sourceTree = "<group>"; };
		D2BFBB8F217A4B0B0074A255 /* Group.swift */ = {isa = PBXFileReference; lastKnownFileType = sourcecode.swift; path = Group.swift; sourceTree = "<group>"; };
		D2BFBB91217A4B1F0074A255 /* Alarm.swift */ = {isa = PBXFileReference; lastKnownFileType = sourcecode.swift; path = Alarm.swift; sourceTree = "<group>"; };
		D2CC0AB9217F64170083C29A /* Helper.swift */ = {isa = PBXFileReference; lastKnownFileType = sourcecode.swift; path = Helper.swift; sourceTree = "<group>"; };
/* End PBXFileReference section */

/* Begin PBXFrameworksBuildPhase section */
		D23DE554217947F000F6649D /* Frameworks */ = {
			isa = PBXFrameworksBuildPhase;
			buildActionMask = 2147483647;
			files = (
			);
			runOnlyForDeploymentPostprocessing = 0;
		};
/* End PBXFrameworksBuildPhase section */

/* Begin PBXGroup section */
		D23DE54E217947F000F6649D = {
			isa = PBXGroup;
			children = (
				D23DE559217947F000F6649D /* Alarminator */,
				D23DE558217947F000F6649D /* Products */,
			);
			sourceTree = "<group>";
		};
		D23DE558217947F000F6649D /* Products */ = {
			isa = PBXGroup;
			children = (
				D23DE557217947F000F6649D /* Alarminator.app */,
			);
			name = Products;
			sourceTree = "<group>";
		};
		D23DE559217947F000F6649D /* Alarminator */ = {
			isa = PBXGroup;
			children = (
				D2CC0AB9217F64170083C29A /* Helper.swift */,
				D23DE55A217947F000F6649D /* AppDelegate.swift */,
				D23DE55C217947F000F6649D /* ViewController.swift */,
				D2BFBB93217A4D9A0074A255 /* Model */,
				D2BFBB8B217A2CA60074A255 /* GroupViewController.swift */,
				D2BFBB8D217A2CF10074A255 /* AlarmViewController.swift */,
				D23DE55E217947F000F6649D /* Main.storyboard */,
				D23DE561217947F100F6649D /* Assets.xcassets */,
				D23DE563217947F100F6649D /* LaunchScreen.storyboard */,
				D23DE566217947F100F6649D /* Info.plist */,
			);
			path = Alarminator;
			sourceTree = "<group>";
		};
		D2BFBB93217A4D9A0074A255 /* Model */ = {
			isa = PBXGroup;
			children = (
				D2BFBB8F217A4B0B0074A255 /* Group.swift */,
				D2BFBB91217A4B1F0074A255 /* Alarm.swift */,
			);
			path = Model;
			sourceTree = "<group>";
		};
/* End PBXGroup section */

/* Begin PBXNativeTarget section */
		D23DE556217947F000F6649D /* Alarminator */ = {
			isa = PBXNativeTarget;
			buildConfigurationList = D23DE569217947F100F6649D /* Build configuration list for PBXNativeTarget "Alarminator" */;
			buildPhases = (
				D23DE553217947F000F6649D /* Sources */,
				D23DE554217947F000F6649D /* Frameworks */,
				D23DE555217947F000F6649D /* Resources */,
			);
			buildRules = (
			);
			dependencies = (
			);
			name = Alarminator;
			productName = Alarminator;
			productReference = D23DE557217947F000F6649D /* Alarminator.app */;
			productType = "com.apple.product-type.application";
		};
/* End PBXNativeTarget section */

/* Begin PBXProject section */
		D23DE54F217947F000F6649D /* Project object */ = {
			isa = PBXProject;
			attributes = {
				LastSwiftUpdateCheck = 1000;
				LastUpgradeCheck = 1000;
				ORGANIZATIONNAME = "Yury Shkoda";
				TargetAttributes = {
					D23DE556217947F000F6649D = {
						CreatedOnToolsVersion = 10.0;
					};
				};
			};
			buildConfigurationList = D23DE552217947F000F6649D /* Build configuration list for PBXProject "Alarminator" */;
			compatibilityVersion = "Xcode 9.3";
			developmentRegion = en;
			hasScannedForEncodings = 0;
			knownRegions = (
				en,
				Base,
			);
			mainGroup = D23DE54E217947F000F6649D;
			productRefGroup = D23DE558217947F000F6649D /* Products */;
			projectDirPath = "";
			projectRoot = "";
			targets = (
				D23DE556217947F000F6649D /* Alarminator */,
			);
		};
/* End PBXProject section */

/* Begin PBXResourcesBuildPhase section */
		D23DE555217947F000F6649D /* Resources */ = {
			isa = PBXResourcesBuildPhase;
			buildActionMask = 2147483647;
			files = (
				D23DE565217947F100F6649D /* LaunchScreen.storyboard in Resources */,
				D23DE562217947F100F6649D /* Assets.xcassets in Resources */,
				D23DE560217947F000F6649D /* Main.storyboard in Resources */,
			);
			runOnlyForDeploymentPostprocessing = 0;
		};
/* End PBXResourcesBuildPhase section */

/* Begin PBXSourcesBuildPhase section */
		D23DE553217947F000F6649D /* Sources */ = {
			isa = PBXSourcesBuildPhase;
			buildActionMask = 2147483647;
			files = (
				D2BFBB8E217A2CF10074A255 /* AlarmViewController.swift in Sources */,
				D2CC0ABA217F64170083C29A /* Helper.swift in Sources */,
				D2BFBB8C217A2CA60074A255 /* GroupViewController.swift in Sources */,
				D23DE55D217947F000F6649D /* ViewController.swift in Sources */,
				D2BFBB90217A4B0B0074A255 /* Group.swift in Sources */,
				D23DE55B217947F000F6649D /* AppDelegate.swift in Sources */,
				D2BFBB92217A4B1F0074A255 /* Alarm.swift in Sources */,
			);
			runOnlyForDeploymentPostprocessing = 0;
		};
/* End PBXSourcesBuildPhase section */

/* Begin PBXVariantGroup section */
		D23DE55E217947F000F6649D /* Main.storyboard */ = {
			isa = PBXVariantGroup;
			children = (
				D23DE55F217947F000F6649D /* Base */,
			);
			name = Main.storyboard;
			sourceTree = "<group>";
		};
		D23DE563217947F100F6649D /* LaunchScreen.storyboard */ = {
			isa = PBXVariantGroup;
			children = (
				D23DE564217947F100F6649D /* Base */,
			);
			name = LaunchScreen.storyboard;
			sourceTree = "<group>";
		};
/* End PBXVariantGroup section */

/* Begin XCBuildConfiguration section */
		D23DE567217947F100F6649D /* Debug */ = {
			isa = XCBuildConfiguration;
			buildSettings = {
				ALWAYS_SEARCH_USER_PATHS = NO;
				CLANG_ANALYZER_NONNULL = YES;
				CLANG_ANALYZER_NUMBER_OBJECT_CONVERSION = YES_AGGRESSIVE;
				CLANG_CXX_LANGUAGE_STANDARD = "gnu++14";
				CLANG_CXX_LIBRARY = "libc++";
				CLANG_ENABLE_MODULES = YES;
				CLANG_ENABLE_OBJC_ARC = YES;
				CLANG_ENABLE_OBJC_WEAK = YES;
				CLANG_WARN_BLOCK_CAPTURE_AUTORELEASING = YES;
				CLANG_WARN_BOOL_CONVERSION = YES;
				CLANG_WARN_COMMA = YES;
				CLANG_WARN_CONSTANT_CONVERSION = YES;
				CLANG_WARN_DEPRECATED_OBJC_IMPLEMENTATIONS = YES;
				CLANG_WARN_DIRECT_OBJC_ISA_USAGE = YES_ERROR;
				CLANG_WARN_DOCUMENTATION_COMMENTS = YES;
				CLANG_WARN_EMPTY_BODY = YES;
				CLANG_WARN_ENUM_CONVERSION = YES;
				CLANG_WARN_INFINITE_RECURSION = YES;
				CLANG_WARN_INT_CONVERSION = YES;
				CLANG_WARN_NON_LITERAL_NULL_CONVERSION = YES;
				CLANG_WARN_OBJC_IMPLICIT_RETAIN_SELF = YES;
				CLANG_WARN_OBJC_LITERAL_CONVERSION = YES;
				CLANG_WARN_OBJC_ROOT_CLASS = YES_ERROR;
				CLANG_WARN_RANGE_LOOP_ANALYSIS = YES;
				CLANG_WARN_STRICT_PROTOTYPES = YES;
				CLANG_WARN_SUSPICIOUS_MOVE = YES;
				CLANG_WARN_UNGUARDED_AVAILABILITY = YES_AGGRESSIVE;
				CLANG_WARN_UNREACHABLE_CODE = YES;
				CLANG_WARN__DUPLICATE_METHOD_MATCH = YES;
				CODE_SIGN_IDENTITY = "iPhone Developer";
				COPY_PHASE_STRIP = NO;
				DEBUG_INFORMATION_FORMAT = dwarf;
				ENABLE_STRICT_OBJC_MSGSEND = YES;
				ENABLE_TESTABILITY = YES;
				GCC_C_LANGUAGE_STANDARD = gnu11;
				GCC_DYNAMIC_NO_PIC = NO;
				GCC_NO_COMMON_BLOCKS = YES;
				GCC_OPTIMIZATION_LEVEL = 0;
				GCC_PREPROCESSOR_DEFINITIONS = (
					"DEBUG=1",
					"$(inherited)",
				);
				GCC_WARN_64_TO_32_BIT_CONVERSION = YES;
				GCC_WARN_ABOUT_RETURN_TYPE = YES_ERROR;
				GCC_WARN_UNDECLARED_SELECTOR = YES;
				GCC_WARN_UNINITIALIZED_AUTOS = YES_AGGRESSIVE;
				GCC_WARN_UNUSED_FUNCTION = YES;
				GCC_WARN_UNUSED_VARIABLE = YES;
				IPHONEOS_DEPLOYMENT_TARGET = 12.0;
				MTL_ENABLE_DEBUG_INFO = INCLUDE_SOURCE;
				MTL_FAST_MATH = YES;
				ONLY_ACTIVE_ARCH = YES;
				SDKROOT = iphoneos;
				SWIFT_ACTIVE_COMPILATION_CONDITIONS = DEBUG;
				SWIFT_OPTIMIZATION_LEVEL = "-Onone";
			};
			name = Debug;
		};
		D23DE568217947F100F6649D /* Release */ = {
			isa = XCBuildConfiguration;
			buildSettings = {
				ALWAYS_SEARCH_USER_PATHS = NO;
				CLANG_ANALYZER_NONNULL = YES;
				CLANG_ANALYZER_NUMBER_OBJECT_CONVERSION = YES_AGGRESSIVE;
				CLANG_CXX_LANGUAGE_STANDARD = "gnu++14";
				CLANG_CXX_LIBRARY = "libc++";
				CLANG_ENABLE_MODULES = YES;
				CLANG_ENABLE_OBJC_ARC = YES;
				CLANG_ENABLE_OBJC_WEAK = YES;
				CLANG_WARN_BLOCK_CAPTURE_AUTORELEASING = YES;
				CLANG_WARN_BOOL_CONVERSION = YES;
				CLANG_WARN_COMMA = YES;
				CLANG_WARN_CONSTANT_CONVERSION = YES;
				CLANG_WARN_DEPRECATED_OBJC_IMPLEMENTATIONS = YES;
				CLANG_WARN_DIRECT_OBJC_ISA_USAGE = YES_ERROR;
				CLANG_WARN_DOCUMENTATION_COMMENTS = YES;
				CLANG_WARN_EMPTY_BODY = YES;
				CLANG_WARN_ENUM_CONVERSION = YES;
				CLANG_WARN_INFINITE_RECURSION = YES;
				CLANG_WARN_INT_CONVERSION = YES;
				CLANG_WARN_NON_LITERAL_NULL_CONVERSION = YES;
				CLANG_WARN_OBJC_IMPLICIT_RETAIN_SELF = YES;
				CLANG_WARN_OBJC_LITERAL_CONVERSION = YES;
				CLANG_WARN_OBJC_ROOT_CLASS = YES_ERROR;
				CLANG_WARN_RANGE_LOOP_ANALYSIS = YES;
				CLANG_WARN_STRICT_PROTOTYPES = YES;
				CLANG_WARN_SUSPICIOUS_MOVE = YES;
				CLANG_WARN_UNGUARDED_AVAILABILITY = YES_AGGRESSIVE;
				CLANG_WARN_UNREACHABLE_CODE = YES;
				CLANG_WARN__DUPLICATE_METHOD_MATCH = YES;
				CODE_SIGN_IDENTITY = "iPhone Developer";
				COPY_PHASE_STRIP = NO;
				DEBUG_INFORMATION_FORMAT = "dwarf-with-dsym";
				ENABLE_NS_ASSERTIONS = NO;
				ENABLE_STRICT_OBJC_MSGSEND = YES;
				GCC_C_LANGUAGE_STANDARD = gnu11;
				GCC_NO_COMMON_BLOCKS = YES;
				GCC_WARN_64_TO_32_BIT_CONVERSION = YES;
				GCC_WARN_ABOUT_RETURN_TYPE = YES_ERROR;
				GCC_WARN_UNDECLARED_SELECTOR = YES;
				GCC_WARN_UNINITIALIZED_AUTOS = YES_AGGRESSIVE;
				GCC_WARN_UNUSED_FUNCTION = YES;
				GCC_WARN_UNUSED_VARIABLE = YES;
				IPHONEOS_DEPLOYMENT_TARGET = 12.0;
				MTL_ENABLE_DEBUG_INFO = NO;
				MTL_FAST_MATH = YES;
				SDKROOT = iphoneos;
				SWIFT_COMPILATION_MODE = wholemodule;
				SWIFT_OPTIMIZATION_LEVEL = "-O";
				VALIDATE_PRODUCT = YES;
			};
			name = Release;
		};
		D23DE56A217947F100F6649D /* Debug */ = {
			isa = XCBuildConfiguration;
			buildSettings = {
				ASSETCATALOG_COMPILER_APPICON_NAME = AppIcon;
				CODE_SIGN_STYLE = Automatic;
				DEVELOPMENT_TEAM = F524X8MS5B;
				INFOPLIST_FILE = Alarminator/Info.plist;
				IPHONEOS_DEPLOYMENT_TARGET = 11.0;
				LD_RUNPATH_SEARCH_PATHS = (
					"$(inherited)",
					"@executable_path/Frameworks",
				);
				PRODUCT_BUNDLE_IDENTIFIER = YuryShkoda.Alarminator;
				PRODUCT_NAME = "$(TARGET_NAME)";
				SWIFT_VERSION = 4.2;
				TARGETED_DEVICE_FAMILY = 1;
			};
			name = Debug;
		};
		D23DE56B217947F100F6649D /* Release */ = {
			isa = XCBuildConfiguration;
			buildSettings = {
				ASSETCATALOG_COMPILER_APPICON_NAME = AppIcon;
				CODE_SIGN_STYLE = Automatic;
				DEVELOPMENT_TEAM = F524X8MS5B;
				INFOPLIST_FILE = Alarminator/Info.plist;
				IPHONEOS_DEPLOYMENT_TARGET = 11.0;
				LD_RUNPATH_SEARCH_PATHS = (
					"$(inherited)",
					"@executable_path/Frameworks",
				);
				PRODUCT_BUNDLE_IDENTIFIER = YuryShkoda.Alarminator;
				PRODUCT_NAME = "$(TARGET_NAME)";
				SWIFT_VERSION = 4.2;
				TARGETED_DEVICE_FAMILY = 1;
			};
			name = Release;
		};
/* End XCBuildConfiguration section */

/* Begin XCConfigurationList section */
		D23DE552217947F000F6649D /* Build configuration list for PBXProject "Alarminator" */ = {
			isa = XCConfigurationList;
			buildConfigurations = (
				D23DE567217947F100F6649D /* Debug */,
				D23DE568217947F100F6649D /* Release */,
			);
			defaultConfigurationIsVisible = 0;
			defaultConfigurationName = Release;
		};
		D23DE569217947F100F6649D /* Build configuration list for PBXNativeTarget "Alarminator" */ = {
			isa = XCConfigurationList;
			buildConfigurations = (
				D23DE56A217947F100F6649D /* Debug */,
				D23DE56B217947F100F6649D /* Release */,
			);
			defaultConfigurationIsVisible = 0;
			defaultConfigurationName = Release;
		};
/* End XCConfigurationList section */
	};
	rootObject = D23DE54F217947F000F6649D /* Project object */;
}
